
Microsoft Visual Studio Solution File, Format Version 12.00
# Visual Studio Version 17
VisualStudioVersion = 17.12.35707.178
MinimumVisualStudioVersion = 10.0.40219.1
Project("{FAE04EC0-301F-11D3-BF4B-00C04F79EFBC}") = "UI", "UI\UI.csproj", "{9E4BFB47-8118-41A8-BD0A-2BB354DE0269}"
EndProject
Project("{FAE04EC0-301F-11D3-BF4B-00C04F79EFBC}") = "DataAccess", "DataAccess\DataAccess.csproj", "{1C08BD79-AFFE-4EA4-BD2A-49F7CB62A698}"
EndProject
Project("{FAE04EC0-301F-11D3-BF4B-00C04F79EFBC}") = "Services", "Services\Services.csproj", "{39EAEC7B-71C1-413C-AF67-B5D0271FC49C}"
EndProject
Global
	GlobalSection(SolutionConfigurationPlatforms) = preSolution
		Debug|Any CPU = Debug|Any CPU
		Release|Any CPU = Release|Any CPU
	EndGlobalSection
	GlobalSection(ProjectConfigurationPlatforms) = postSolution
		{9E4BFB47-8118-41A8-BD0A-2BB354DE0269}.Debug|Any CPU.ActiveCfg = Debug|Any CPU
		{9E4BFB47-8118-41A8-BD0A-2BB354DE0269}.Debug|Any CPU.Build.0 = Debug|Any CPU
		{9E4BFB47-8118-41A8-BD0A-2BB354DE0269}.Release|Any CPU.ActiveCfg = Release|Any CPU
		{9E4BFB47-8118-41A8-BD0A-2BB354DE0269}.Release|Any CPU.Build.0 = Release|Any CPU
		{1C08BD79-AFFE-4EA4-BD2A-49F7CB62A698}.Debug|Any CPU.ActiveCfg = Debug|Any CPU
		{1C08BD79-AFFE-4EA4-BD2A-49F7CB62A698}.Debug|Any CPU.Build.0 = Debug|Any CPU
		{1C08BD79-AFFE-4EA4-BD2A-49F7CB62A698}.Release|Any CPU.ActiveCfg = Release|Any CPU
		{1C08BD79-AFFE-4EA4-BD2A-49F7CB62A698}.Release|Any CPU.Build.0 = Release|Any CPU
		{39EAEC7B-71C1-413C-AF67-B5D0271FC49C}.Debug|Any CPU.ActiveCfg = Debug|Any CPU
		{39EAEC7B-71C1-413C-AF67-B5D0271FC49C}.Debug|Any CPU.Build.0 = Debug|Any CPU
		{39EAEC7B-71C1-413C-AF67-B5D0271FC49C}.Release|Any CPU.ActiveCfg = Release|Any CPU
		{39EAEC7B-71C1-413C-AF67-B5D0271FC49C}.Release|Any CPU.Build.0 = Release|Any CPU
	EndGlobalSection
	GlobalSection(SolutionProperties) = preSolution
		HideSolutionNode = FALSE
	EndGlobalSection
EndGlobal
